
Microsoft Visual Studio Solution File, Format Version 12.00
# Visual Studio Version 16
VisualStudioVersion = 16.0.36631.11
MinimumVisualStudioVersion = 10.0.40219.1
Project("{FAE04EC0-301F-11D3-BF4B-00C04F79EFBC}") = "GFArchive", "GFArchive.csproj", "{934262A6-86A8-483E-9566-26E25A1FB351}"
EndProject
Global
	GlobalSection(SolutionConfigurationPlatforms) = preSolution
		Debug|Any CPU = Debug|Any CPU
		Release|Any CPU = Release|Any CPU
	EndGlobalSection
	GlobalSection(ProjectConfigurationPlatforms) = postSolution
		{934262A6-86A8-483E-9566-26E25A1FB351}.Debug|Any CPU.ActiveCfg = Debug|Any CPU
		{934262A6-86A8-483E-9566-26E25A1FB351}.Debug|Any CPU.Build.0 = Debug|Any CPU
		{934262A6-86A8-483E-9566-26E25A1FB351}.Release|Any CPU.ActiveCfg = Release|Any CPU
		{934262A6-86A8-483E-9566-26E25A1FB351}.Release|Any CPU.Build.0 = Release|Any CPU
	EndGlobalSection
	GlobalSection(SolutionProperties) = preSolution
		HideSolutionNode = FALSE
	EndGlobalSection
	GlobalSection(ExtensibilityGlobals) = postSolution
		SolutionGuid = {F0F059DE-2A70-451D-A20C-18F07D6202FF}
	EndGlobalSection
EndGlobal
